
Microsoft Visual Studio Solution File, Format Version 12.00
# Visual Studio 2012
Project("{FAE04EC0-301F-11D3-BF4B-00C04F79EFBC}") = "Ch3_Exc1_[Gamma correction]", "Ch3_Exc1_[Gamma correction]\Ch3_Exc1_[Gamma correction].csproj", "{C36469F1-8C52-4DD0-8FD1-8721F773AE98}"
EndProject
Global
	GlobalSection(SolutionConfigurationPlatforms) = preSolution
		Debug|Any CPU = Debug|Any CPU
		Release|Any CPU = Release|Any CPU
	EndGlobalSection
	GlobalSection(ProjectConfigurationPlatforms) = postSolution
		{C36469F1-8C52-4DD0-8FD1-8721F773AE98}.Debug|Any CPU.ActiveCfg = Debug|Any CPU
		{C36469F1-8C52-4DD0-8FD1-8721F773AE98}.Debug|Any CPU.Build.0 = Debug|Any CPU
		{C36469F1-8C52-4DD0-8FD1-8721F773AE98}.Release|Any CPU.ActiveCfg = Release|Any CPU
		{C36469F1-8C52-4DD0-8FD1-8721F773AE98}.Release|Any CPU.Build.0 = Release|Any CPU
	EndGlobalSection
	GlobalSection(SolutionProperties) = preSolution
		HideSolutionNode = FALSE
	EndGlobalSection
EndGlobal
